
Microsoft Visual Studio Solution File, Format Version 12.00
# Visual Studio Version 17
VisualStudioVersion = 17.5.33502.453
MinimumVisualStudioVersion = 10.0.40219.1
Project("{FAE04EC0-301F-11D3-BF4B-00C04F79EFBC}") = "Smolechoes", "Smolechoes\Smolechoes.csproj", "{64048EDF-041E-4AC5-8131-946C32DD4391}"
EndProject
Global
	GlobalSection(SolutionConfigurationPlatforms) = preSolution
		Debug|Any CPU = Debug|Any CPU
		Release|Any CPU = Release|Any CPU
	EndGlobalSection
	GlobalSection(ProjectConfigurationPlatforms) = postSolution
		{64048EDF-041E-4AC5-8131-946C32DD4391}.Debug|Any CPU.ActiveCfg = Debug|Any CPU
		{64048EDF-041E-4AC5-8131-946C32DD4391}.Debug|Any CPU.Build.0 = Debug|Any CPU
		{64048EDF-041E-4AC5-8131-946C32DD4391}.Release|Any CPU.ActiveCfg = Release|Any CPU
		{64048EDF-041E-4AC5-8131-946C32DD4391}.Release|Any CPU.Build.0 = Release|Any CPU
	EndGlobalSection
	GlobalSection(SolutionProperties) = preSolution
		HideSolutionNode = FALSE
	EndGlobalSection
	GlobalSection(ExtensibilityGlobals) = postSolution
		SolutionGuid = {3C718A7F-2438-421C-90B9-C5E49D8C86D2}
	EndGlobalSection
EndGlobal
